
Microsoft Visual Studio Solution File, Format Version 12.00
# Visual Studio Version 17
VisualStudioVersion = 17.0.31903.59
MinimumVisualStudioVersion = 10.0.40219.1
Project("{FAE04EC0-301F-11D3-BF4B-00C04F79EFBC}") = "Cooperativa", "Cooperativa\Cooperativa.csproj", "{FEBEAD19-2725-40FB-9203-02986B14FCF0}"
EndProject
Project("{FAE04EC0-301F-11D3-BF4B-00C04F79EFBC}") = "Cooperativa.Tests", "Cooperativa.Tests\Cooperativa.Tests.csproj", "{86F81BDA-28E3-4923-A32D-A4208647CA87}"
EndProject
Global
	GlobalSection(SolutionConfigurationPlatforms) = preSolution
		Debug|Any CPU = Debug|Any CPU
		Release|Any CPU = Release|Any CPU
	EndGlobalSection
	GlobalSection(SolutionProperties) = preSolution
		HideSolutionNode = FALSE
	EndGlobalSection
	GlobalSection(ProjectConfigurationPlatforms) = postSolution
		{FEBEAD19-2725-40FB-9203-02986B14FCF0}.Debug|Any CPU.ActiveCfg = Debug|Any CPU
		{FEBEAD19-2725-40FB-9203-02986B14FCF0}.Debug|Any CPU.Build.0 = Debug|Any CPU
		{FEBEAD19-2725-40FB-9203-02986B14FCF0}.Release|Any CPU.ActiveCfg = Release|Any CPU
		{FEBEAD19-2725-40FB-9203-02986B14FCF0}.Release|Any CPU.Build.0 = Release|Any CPU
		{86F81BDA-28E3-4923-A32D-A4208647CA87}.Debug|Any CPU.ActiveCfg = Debug|Any CPU
		{86F81BDA-28E3-4923-A32D-A4208647CA87}.Debug|Any CPU.Build.0 = Debug|Any CPU
		{86F81BDA-28E3-4923-A32D-A4208647CA87}.Release|Any CPU.ActiveCfg = Release|Any CPU
		{86F81BDA-28E3-4923-A32D-A4208647CA87}.Release|Any CPU.Build.0 = Release|Any CPU
	EndGlobalSection
EndGlobal
